
Microsoft Visual Studio Solution File, Format Version 12.00
# Visual Studio Version 17
VisualStudioVersion = 17.1.32414.318
MinimumVisualStudioVersion = 10.0.40219.1
Project("{FAE04EC0-301F-11D3-BF4B-00C04F79EFBC}") = "EntityFrameworkVsDapper.Benchmark.Persistence", "EntityFrameworkVsDapper.Benchmark.Persistence\EntityFrameworkVsDapper.Benchmark.Persistence.csproj", "{45E528EB-4656-47A8-A967-B4A9B72B497E}"
EndProject
Global
	GlobalSection(SolutionConfigurationPlatforms) = preSolution
		Debug|Any CPU = Debug|Any CPU
		Release|Any CPU = Release|Any CPU
	EndGlobalSection
	GlobalSection(ProjectConfigurationPlatforms) = postSolution
		{45E528EB-4656-47A8-A967-B4A9B72B497E}.Debug|Any CPU.ActiveCfg = Debug|Any CPU
		{45E528EB-4656-47A8-A967-B4A9B72B497E}.Debug|Any CPU.Build.0 = Debug|Any CPU
		{45E528EB-4656-47A8-A967-B4A9B72B497E}.Release|Any CPU.ActiveCfg = Release|Any CPU
		{45E528EB-4656-47A8-A967-B4A9B72B497E}.Release|Any CPU.Build.0 = Release|Any CPU
	EndGlobalSection
	GlobalSection(SolutionProperties) = preSolution
		HideSolutionNode = FALSE
	EndGlobalSection
	GlobalSection(ExtensibilityGlobals) = postSolution
		SolutionGuid = {B0995827-50D5-4D4B-9139-1A907079EEF5}
	EndGlobalSection
EndGlobal
